
Microsoft Visual Studio Solution File, Format Version 11.00
# Visual Studio 2010
Project("{F184B08F-C81C-45F6-A57F-5ABD9991F28F}") = "WebApplication3", "WebApplication3\WebApplication3.vbproj", "{B4A79B9D-A22D-43FA-AC7B-63C440AD4B1C}"
EndProject
Global
	GlobalSection(SolutionConfigurationPlatforms) = preSolution
		Debug|Any CPU = Debug|Any CPU
		Release|Any CPU = Release|Any CPU
	EndGlobalSection
	GlobalSection(ProjectConfigurationPlatforms) = postSolution
		{B4A79B9D-A22D-43FA-AC7B-63C440AD4B1C}.Debug|Any CPU.ActiveCfg = Debug|Any CPU
		{B4A79B9D-A22D-43FA-AC7B-63C440AD4B1C}.Debug|Any CPU.Build.0 = Debug|Any CPU
		{B4A79B9D-A22D-43FA-AC7B-63C440AD4B1C}.Release|Any CPU.ActiveCfg = Release|Any CPU
		{B4A79B9D-A22D-43FA-AC7B-63C440AD4B1C}.Release|Any CPU.Build.0 = Release|Any CPU
	EndGlobalSection
	GlobalSection(SolutionProperties) = preSolution
		HideSolutionNode = FALSE
	EndGlobalSection
EndGlobal
